
Microsoft Visual Studio Solution File, Format Version 12.00
# Visual Studio Version 16
VisualStudioVersion = 16.0.28516.95
MinimumVisualStudioVersion = 10.0.40219.1
Project("{9A19103F-16F7-4668-BE54-9A1E7A4F7556}") = "Fritz.StreamDeckDashboard", "Fritz.StreamDeckDashboard\Fritz.StreamDeckDashboard.csproj", "{2A6574C3-7F00-42D4-A03C-864A991E85AE}"
EndProject
Project("{FAE04EC0-301F-11D3-BF4B-00C04F79EFBC}") = "Test", "..\Test\Test.csproj", "{0766BC7B-695A-42B0-AC19-6248944C036E}"
EndProject
Global
	GlobalSection(SolutionConfigurationPlatforms) = preSolution
		Debug|Any CPU = Debug|Any CPU
		Release|Any CPU = Release|Any CPU
	EndGlobalSection
	GlobalSection(ProjectConfigurationPlatforms) = postSolution
		{2A6574C3-7F00-42D4-A03C-864A991E85AE}.Debug|Any CPU.ActiveCfg = Debug|Any CPU
		{2A6574C3-7F00-42D4-A03C-864A991E85AE}.Debug|Any CPU.Build.0 = Debug|Any CPU
		{2A6574C3-7F00-42D4-A03C-864A991E85AE}.Release|Any CPU.ActiveCfg = Release|Any CPU
		{2A6574C3-7F00-42D4-A03C-864A991E85AE}.Release|Any CPU.Build.0 = Release|Any CPU
		{0766BC7B-695A-42B0-AC19-6248944C036E}.Debug|Any CPU.ActiveCfg = Debug|Any CPU
		{0766BC7B-695A-42B0-AC19-6248944C036E}.Debug|Any CPU.Build.0 = Debug|Any CPU
		{0766BC7B-695A-42B0-AC19-6248944C036E}.Release|Any CPU.ActiveCfg = Release|Any CPU
		{0766BC7B-695A-42B0-AC19-6248944C036E}.Release|Any CPU.Build.0 = Release|Any CPU
	EndGlobalSection
	GlobalSection(SolutionProperties) = preSolution
		HideSolutionNode = FALSE
	EndGlobalSection
	GlobalSection(ExtensibilityGlobals) = postSolution
		SolutionGuid = {F064ED94-10B5-4BF5-913A-B93BF033D526}
	EndGlobalSection
EndGlobal
